dependencies:
- name: postgresql
  repository: https://charts.bitnami.com/bitnami
  version: 13.1.5
- name: minio
  repository: https://charts.bitnami.com/bitnami
  version: 12.8.15
- name: mailhog
  repository: https://codecentric.github.io/helm-charts
  version: 5.2.3
digest: sha256:b18b6df5bbcf4cf0d725310bcae575c031f05ebc21339e629c69f17e10bfde6b
generated: "2023-10-24T10:21:59.404695661+02:00"
